{
  "name": "workspaces",
  "version": "1.0.0",
  "lockfileVersion": 2,
  "requires": true,
  "packages": {
    "": {
      "name": "workspaces",
      "version": "1.0.0",
      "license": "ISC",
      "workspaces": [
        "./packages/frontend",
        "./packages/backend"
      ]
    },
    "node_modules/backend": {
      "resolved": "packages/backend",
      "link": true
    },
    "node_modules/frontend": {
      "resolved": "packages/frontend",
      "link": true
    },
    "packages/backend": {
      "version": "1.0.0",
      "license": "ISC"
    },
    "packages/frontend": {
      "version": "1.0.0",
      "license": "ISC"
    }
  },
  "dependencies": {
    "backend": {
      "version": "file:packages/backend"
    },
    "frontend": {
      "version": "file:packages/frontend"
    }
  }
}
