{
  "name": "npm-demo",
  "version": "1.0.0",
  "lockfileVersion": 2,
  "requires": true,
  "packages": {
    "": {
      "name": "npm-demo",
      "version": "1.0.0",
      "license": "ISC",
      "dependencies": {
        "underscore": "^1.4.1"
      }
    },
    "node_modules/underscore": {
      "version": "1.4.1",
      "resolved": "https://registry.npmjs.org/underscore/-/underscore-1.4.1.tgz",
      "integrity": "sha512-Bxb/W6UEeFojr/wTyq4CK4ccRdANlW6K/SC/A8I9AovU5cYFzH4R/DzJTbWSXNPulIFskJacwNdkXEGQVK79EQ=="
    }
  },
  "dependencies": {
    "underscore": {
      "version": "1.4.1",
      "resolved": "https://registry.npmjs.org/underscore/-/underscore-1.4.1.tgz",
      "integrity": "sha512-Bxb/W6UEeFojr/wTyq4CK4ccRdANlW6K/SC/A8I9AovU5cYFzH4R/DzJTbWSXNPulIFskJacwNdkXEGQVK79EQ=="
    }
  }
}
